
Microsoft Visual Studio Solution File, Format Version 12.00
# Visual Studio 15
VisualStudioVersion = 15.0.27130.2003
MinimumVisualStudioVersion = 10.0.40219.1
Project("{FAE04EC0-301F-11D3-BF4B-00C04F79EFBC}") = "PersonalDiary.Android", "PersonalDiary\PersonalDiary.Android\PersonalDiary.Android.csproj", "{AC8D4F1F-E3C9-4090-A9D7-7FFB3692D358}"
EndProject
Project("{FAE04EC0-301F-11D3-BF4B-00C04F79EFBC}") = "PersonalDiary.iOS", "PersonalDiary\PersonalDiary.iOS\PersonalDiary.iOS.csproj", "{C54BEBE7-221B-4D36-BD28-E1697F8DFDBA}"
EndProject
Project("{FAE04EC0-301F-11D3-BF4B-00C04F79EFBC}") = "PersonalDiary.UWP", "PersonalDiary\PersonalDiary.UWP\PersonalDiary.UWP.csproj", "{3014155D-39DD-4192-83ED-C4414F3A788D}"
EndProject
Project("{FAE04EC0-301F-11D3-BF4B-00C04F79EFBC}") = "PersonalDiary", "PersonalDiary\PersonalDiary\PersonalDiary.csproj", "{B18691D3-1684-441B-B316-8E0BD2472E7C}"
EndProject
Global
	GlobalSection(SolutionConfigurationPlatforms) = preSolution
		Ad-Hoc|Any CPU = Ad-Hoc|Any CPU
		Ad-Hoc|ARM = Ad-Hoc|ARM
		Ad-Hoc|iPhone = Ad-Hoc|iPhone
		Ad-Hoc|iPhoneSimulator = Ad-Hoc|iPhoneSimulator
		Ad-Hoc|x64 = Ad-Hoc|x64
		Ad-Hoc|x86 = Ad-Hoc|x86
		AppStore|Any CPU = AppStore|Any CPU
		AppStore|ARM = AppStore|ARM
		AppStore|iPhone = AppStore|iPhone
		AppStore|iPhoneSimulator = AppStore|iPhoneSimulator
		AppStore|x64 = AppStore|x64
		AppStore|x86 = AppStore|x86
		Debug|Any CPU = Debug|Any CPU
		Debug|ARM = Debug|ARM
		Debug|iPhone = Debug|iPhone
		Debug|iPhoneSimulator = Debug|iPhoneSimulator
		Debug|x64 = Debug|x64
		Debug|x86 = Debug|x86
		Release|Any CPU = Release|Any CPU
		Release|ARM = Release|ARM
		Release|iPhone = Release|iPhone
		Release|iPhoneSimulator = Release|iPhoneSimulator
		Release|x64 = Release|x64
		Release|x86 = Release|x86
	EndGlobalSection
	GlobalSection(ProjectConfigurationPlatforms) = postSolution
		{AC8D4F1F-E3C9-4090-A9D7-7FFB3692D358}.Ad-Hoc|Any CPU.ActiveCfg = Release|Any CPU
		{AC8D4F1F-E3C9-4090-A9D7-7FFB3692D358}.Ad-Hoc|Any CPU.Build.0 = Release|Any CPU
		{AC8D4F1F-E3C9-4090-A9D7-7FFB3692D358}.Ad-Hoc|Any CPU.Deploy.0 = Release|Any CPU
		{AC8D4F1F-E3C9-4090-A9D7-7FFB3692D358}.Ad-Hoc|ARM.ActiveCfg = Release|Any CPU
		{AC8D4F1F-E3C9-4090-A9D7-7FFB3692D358}.Ad-Hoc|ARM.Build.0 = Release|Any CPU
		{AC8D4F1F-E3C9-4090-A9D7-7FFB3692D358}.Ad-Hoc|ARM.Deploy.0 = Release|Any CPU
		{AC8D4F1F-E3C9-4090-A9D7-7FFB3692D358}.Ad-Hoc|iPhone.ActiveCfg = Release|Any CPU
		{AC8D4F1F-E3C9-4090-A9D7-7FFB3692D358}.Ad-Hoc|iPhone.Build.0 = Release|Any CPU
		{AC8D4F1F-E3C9-4090-A9D7-7FFB3692D358}.Ad-Hoc|iPhone.Deploy.0 = Release|Any CPU
		{AC8D4F1F-E3C9-4090-A9D7-7FFB3692D358}.Ad-Hoc|iPhoneSimulator.ActiveCfg = Release|Any CPU
		{AC8D4F1F-E3C9-4090-A9D7-7FFB3692D358}.Ad-Hoc|iPhoneSimulator.Build.0 = Release|Any CPU
		{AC8D4F1F-E3C9-4090-A9D7-7FFB3692D358}.Ad-Hoc|iPhoneSimulator.Deploy.0 = Release|Any CPU
		{AC8D4F1F-E3C9-4090-A9D7-7FFB3692D358}.Ad-Hoc|x64.ActiveCfg = Release|Any CPU
		{AC8D4F1F-E3C9-4090-A9D7-7FFB3692D358}.Ad-Hoc|x64.Build.0 = Release|Any CPU
		{AC8D4F1F-E3C9-4090-A9D7-7FFB3692D358}.Ad-Hoc|x64.Deploy.0 = Release|Any CPU
		{AC8D4F1F-E3C9-4090-A9D7-7FFB3692D358}.Ad-Hoc|x86.ActiveCfg = Release|Any CPU
		{AC8D4F1F-E3C9-4090-A9D7-7FFB3692D358}.Ad-Hoc|x86.Build.0 = Release|Any CPU
		{AC8D4F1F-E3C9-4090-A9D7-7FFB3692D358}.Ad-Hoc|x86.Deploy.0 = Release|Any CPU
		{AC8D4F1F-E3C9-4090-A9D7-7FFB3692D358}.AppStore|Any CPU.ActiveCfg = Release|Any CPU
		{AC8D4F1F-E3C9-4090-A9D7-7FFB3692D358}.AppStore|Any CPU.Build.0 = Release|Any CPU
		{AC8D4F1F-E3C9-4090-A9D7-7FFB3692D358}.AppStore|Any CPU.Deploy.0 = Release|Any CPU
		{AC8D4F1F-E3C9-4090-A9D7-7FFB3692D358}.AppStore|ARM.ActiveCfg = Release|Any CPU
		{AC8D4F1F-E3C9-4090-A9D7-7FFB3692D358}.AppStore|ARM.Build.0 = Release|Any CPU
		{AC8D4F1F-E3C9-4090-A9D7-7FFB3692D358}.AppStore|ARM.Deploy.0 = Release|Any CPU
		{AC8D4F1F-E3C9-4090-A9D7-7FFB3692D358}.AppStore|iPhone.ActiveCfg = Release|Any CPU
		{AC8D4F1F-E3C9-4090-A9D7-7FFB3692D358}.AppStore|iPhone.Build.0 = Release|Any CPU
		{AC8D4F1F-E3C9-4090-A9D7-7FFB3692D358}.AppStore|iPhone.Deploy.0 = Release|Any CPU
		{AC8D4F1F-E3C9-4090-A9D7-7FFB3692D358}.AppStore|iPhoneSimulator.ActiveCfg = Release|Any CPU
		{AC8D4F1F-E3C9-4090-A9D7-7FFB3692D358}.AppStore|iPhoneSimulator.Build.0 = Release|Any CPU
		{AC8D4F1F-E3C9-4090-A9D7-7FFB3692D358}.AppStore|iPhoneSimulator.Deploy.0 = Release|Any CPU
		{AC8D4F1F-E3C9-4090-A9D7-7FFB3692D358}.AppStore|x64.ActiveCfg = Release|Any CPU
		{AC8D4F1F-E3C9-4090-A9D7-7FFB3692D358}.AppStore|x64.Build.0 = Release|Any CPU
		{AC8D4F1F-E3C9-4090-A9D7-7FFB3692D358}.AppStore|x64.Deploy.0 = Release|Any CPU
		{AC8D4F1F-E3C9-4090-A9D7-7FFB3692D358}.AppStore|x86.ActiveCfg = Release|Any CPU
		{AC8D4F1F-E3C9-4090-A9D7-7FFB3692D358}.AppStore|x86.Build.0 = Release|Any CPU
		{AC8D4F1F-E3C9-4090-A9D7-7FFB3692D358}.AppStore|x86.Deploy.0 = Release|Any CPU
		{AC8D4F1F-E3C9-4090-A9D7-7FFB3692D358}.Debug|Any CPU.ActiveCfg = Debug|Any CPU
		{AC8D4F1F-E3C9-4090-A9D7-7FFB3692D358}.Debug|Any CPU.Build.0 = Debug|Any CPU
		{AC8D4F1F-E3C9-4090-A9D7-7FFB3692D358}.Debug|Any CPU.Deploy.0 = Debug|Any CPU
		{AC8D4F1F-E3C9-4090-A9D7-7FFB3692D358}.Debug|ARM.ActiveCfg = Debug|Any CPU
		{AC8D4F1F-E3C9-4090-A9D7-7FFB3692D358}.Debug|ARM.Build.0 = Debug|Any CPU
		{AC8D4F1F-E3C9-4090-A9D7-7FFB3692D358}.Debug|ARM.Deploy.0 = Debug|Any CPU
		{AC8D4F1F-E3C9-4090-A9D7-7FFB3692D358}.Debug|iPhone.ActiveCfg = Debug|Any CPU
		{AC8D4F1F-E3C9-4090-A9D7-7FFB3692D358}.Debug|iPhone.Build.0 = Debug|Any CPU
		{AC8D4F1F-E3C9-4090-A9D7-7FFB3692D358}.Debug|iPhone.Deploy.0 = Debug|Any CPU
		{AC8D4F1F-E3C9-4090-A9D7-7FFB3692D358}.Debug|iPhoneSimulator.ActiveCfg = Debug|Any CPU
		{AC8D4F1F-E3C9-4090-A9D7-7FFB3692D358}.Debug|iPhoneSimulator.Build.0 = Debug|Any CPU
		{AC8D4F1F-E3C9-4090-A9D7-7FFB3692D358}.Debug|iPhoneSimulator.Deploy.0 = Debug|Any CPU
		{AC8D4F1F-E3C9-4090-A9D7-7FFB3692D358}.Debug|x64.ActiveCfg = Debug|Any CPU
		{AC8D4F1F-E3C9-4090-A9D7-7FFB3692D358}.Debug|x64.Build.0 = Debug|Any CPU
		{AC8D4F1F-E3C9-4090-A9D7-7FFB3692D358}.Debug|x64.Deploy.0 = Debug|Any CPU
		{AC8D4F1F-E3C9-4090-A9D7-7FFB3692D358}.Debug|x86.ActiveCfg = Debug|Any CPU
		{AC8D4F1F-E3C9-4090-A9D7-7FFB3692D358}.Debug|x86.Build.0 = Debug|Any CPU
		{AC8D4F1F-E3C9-4090-A9D7-7FFB3692D358}.Debug|x86.Deploy.0 = Debug|Any CPU
		{AC8D4F1F-E3C9-4090-A9D7-7FFB3692D358}.Release|Any CPU.ActiveCfg = Release|Any CPU
		{AC8D4F1F-E3C9-4090-A9D7-7FFB3692D358}.Release|Any CPU.Build.0 = Release|Any CPU
		{AC8D4F1F-E3C9-4090-A9D7-7FFB3692D358}.Release|Any CPU.Deploy.0 = Release|Any CPU
		{AC8D4F1F-E3C9-4090-A9D7-7FFB3692D358}.Release|ARM.ActiveCfg = Release|Any CPU
		{AC8D4F1F-E3C9-4090-A9D7-7FFB3692D358}.Release|ARM.Build.0 = Release|Any CPU
		{AC8D4F1F-E3C9-4090-A9D7-7FFB3692D358}.Release|ARM.Deploy.0 = Release|Any CPU
		{AC8D4F1F-E3C9-4090-A9D7-7FFB3692D358}.Release|iPhone.ActiveCfg = Release|Any CPU
		{AC8D4F1F-E3C9-4090-A9D7-7FFB3692D358}.Release|iPhone.Build.0 = Release|Any CPU
		{AC8D4F1F-E3C9-4090-A9D7-7FFB3692D358}.Release|iPhone.Deploy.0 = Release|Any CPU
		{AC8D4F1F-E3C9-4090-A9D7-7FFB3692D358}.Release|iPhoneSimulator.ActiveCfg = Release|Any CPU
		{AC8D4F1F-E3C9-4090-A9D7-7FFB3692D358}.Release|iPhoneSimulator.Build.0 = Release|Any CPU
		{AC8D4F1F-E3C9-4090-A9D7-7FFB3692D358}.Release|iPhoneSimulator.Deploy.0 = Release|Any CPU
		{AC8D4F1F-E3C9-4090-A9D7-7FFB3692D358}.Release|x64.ActiveCfg = Release|Any CPU
		{AC8D4F1F-E3C9-4090-A9D7-7FFB3692D358}.Release|x64.Build.0 = Release|Any CPU
		{AC8D4F1F-E3C9-4090-A9D7-7FFB3692D358}.Release|x64.Deploy.0 = Release|Any CPU
		{AC8D4F1F-E3C9-4090-A9D7-7FFB3692D358}.Release|x86.ActiveCfg = Release|Any CPU
		{AC8D4F1F-E3C9-4090-A9D7-7FFB3692D358}.Release|x86.Build.0 = Release|Any CPU
		{AC8D4F1F-E3C9-4090-A9D7-7FFB3692D358}.Release|x86.Deploy.0 = Release|Any CPU
		{C54BEBE7-221B-4D36-BD28-E1697F8DFDBA}.Ad-Hoc|Any CPU.ActiveCfg = Ad-Hoc|iPhone
		{C54BEBE7-221B-4D36-BD28-E1697F8DFDBA}.Ad-Hoc|ARM.ActiveCfg = Ad-Hoc|iPhone
		{C54BEBE7-221B-4D36-BD28-E1697F8DFDBA}.Ad-Hoc|iPhone.ActiveCfg = Ad-Hoc|iPhone
		{C54BEBE7-221B-4D36-BD28-E1697F8DFDBA}.Ad-Hoc|iPhone.Build.0 = Ad-Hoc|iPhone
		{C54BEBE7-221B-4D36-BD28-E1697F8DFDBA}.Ad-Hoc|iPhoneSimulator.ActiveCfg = Ad-Hoc|iPhoneSimulator
		{C54BEBE7-221B-4D36-BD28-E1697F8DFDBA}.Ad-Hoc|iPhoneSimulator.Build.0 = Ad-Hoc|iPhoneSimulator
		{C54BEBE7-221B-4D36-BD28-E1697F8DFDBA}.Ad-Hoc|x64.ActiveCfg = Ad-Hoc|iPhone
		{C54BEBE7-221B-4D36-BD28-E1697F8DFDBA}.Ad-Hoc|x86.ActiveCfg = Ad-Hoc|iPhone
		{C54BEBE7-221B-4D36-BD28-E1697F8DFDBA}.AppStore|Any CPU.ActiveCfg = AppStore|iPhone
		{C54BEBE7-221B-4D36-BD28-E1697F8DFDBA}.AppStore|ARM.ActiveCfg = AppStore|iPhone
		{C54BEBE7-221B-4D36-BD28-E1697F8DFDBA}.AppStore|iPhone.ActiveCfg = AppStore|iPhone
		{C54BEBE7-221B-4D36-BD28-E1697F8DFDBA}.AppStore|iPhone.Build.0 = AppStore|iPhone
		{C54BEBE7-221B-4D36-BD28-E1697F8DFDBA}.AppStore|iPhoneSimulator.ActiveCfg = AppStore|iPhoneSimulator
		{C54BEBE7-221B-4D36-BD28-E1697F8DFDBA}.AppStore|iPhoneSimulator.Build.0 = AppStore|iPhoneSimulator
		{C54BEBE7-221B-4D36-BD28-E1697F8DFDBA}.AppStore|x64.ActiveCfg = AppStore|iPhone
		{C54BEBE7-221B-4D36-BD28-E1697F8DFDBA}.AppStore|x86.ActiveCfg = AppStore|iPhone
		{C54BEBE7-221B-4D36-BD28-E1697F8DFDBA}.Debug|Any CPU.ActiveCfg = Debug|iPhone
		{C54BEBE7-221B-4D36-BD28-E1697F8DFDBA}.Debug|ARM.ActiveCfg = Debug|iPhone
		{C54BEBE7-221B-4D36-BD28-E1697F8DFDBA}.Debug|iPhone.ActiveCfg = Debug|iPhone
		{C54BEBE7-221B-4D36-BD28-E1697F8DFDBA}.Debug|iPhone.Build.0 = Debug|iPhone
		{C54BEBE7-221B-4D36-BD28-E1697F8DFDBA}.Debug|iPhoneSimulator.ActiveCfg = Debug|iPhoneSimulator
		{C54BEBE7-221B-4D36-BD28-E1697F8DFDBA}.Debug|iPhoneSimulator.Build.0 = Debug|iPhoneSimulator
		{C54BEBE7-221B-4D36-BD28-E1697F8DFDBA}.Debug|x64.ActiveCfg = Debug|iPhone
		{C54BEBE7-221B-4D36-BD28-E1697F8DFDBA}.Debug|x86.ActiveCfg = Debug|iPhone
		{C54BEBE7-221B-4D36-BD28-E1697F8DFDBA}.Release|Any CPU.ActiveCfg = Release|iPhone
		{C54BEBE7-221B-4D36-BD28-E1697F8DFDBA}.Release|ARM.ActiveCfg = Release|iPhone
		{C54BEBE7-221B-4D36-BD28-E1697F8DFDBA}.Release|iPhone.ActiveCfg = Release|iPhone
		{C54BEBE7-221B-4D36-BD28-E1697F8DFDBA}.Release|iPhone.Build.0 = Release|iPhone
		{C54BEBE7-221B-4D36-BD28-E1697F8DFDBA}.Release|iPhoneSimulator.ActiveCfg = Release|iPhoneSimulator
		{C54BEBE7-221B-4D36-BD28-E1697F8DFDBA}.Release|iPhoneSimulator.Build.0 = Release|iPhoneSimulator
		{C54BEBE7-221B-4D36-BD28-E1697F8DFDBA}.Release|x64.ActiveCfg = Release|iPhone
		{C54BEBE7-221B-4D36-BD28-E1697F8DFDBA}.Release|x86.ActiveCfg = Release|iPhone
		{3014155D-39DD-4192-83ED-C4414F3A788D}.Ad-Hoc|Any CPU.ActiveCfg = Release|x86
		{3014155D-39DD-4192-83ED-C4414F3A788D}.Ad-Hoc|Any CPU.Build.0 = Release|x86
		{3014155D-39DD-4192-83ED-C4414F3A788D}.Ad-Hoc|Any CPU.Deploy.0 = Release|x86
		{3014155D-39DD-4192-83ED-C4414F3A788D}.Ad-Hoc|ARM.ActiveCfg = Release|ARM
		{3014155D-39DD-4192-83ED-C4414F3A788D}.Ad-Hoc|ARM.Build.0 = Release|ARM
		{3014155D-39DD-4192-83ED-C4414F3A788D}.Ad-Hoc|ARM.Deploy.0 = Release|ARM
		{3014155D-39DD-4192-83ED-C4414F3A788D}.Ad-Hoc|iPhone.ActiveCfg = Release|x86
		{3014155D-39DD-4192-83ED-C4414F3A788D}.Ad-Hoc|iPhone.Build.0 = Release|x86
		{3014155D-39DD-4192-83ED-C4414F3A788D}.Ad-Hoc|iPhone.Deploy.0 = Release|x86
		{3014155D-39DD-4192-83ED-C4414F3A788D}.Ad-Hoc|iPhoneSimulator.ActiveCfg = Release|x86
		{3014155D-39DD-4192-83ED-C4414F3A788D}.Ad-Hoc|iPhoneSimulator.Build.0 = Release|x86
		{3014155D-39DD-4192-83ED-C4414F3A788D}.Ad-Hoc|iPhoneSimulator.Deploy.0 = Release|x86
		{3014155D-39DD-4192-83ED-C4414F3A788D}.Ad-Hoc|x64.ActiveCfg = Release|x64
		{3014155D-39DD-4192-83ED-C4414F3A788D}.Ad-Hoc|x64.Build.0 = Release|x64
		{3014155D-39DD-4192-83ED-C4414F3A788D}.Ad-Hoc|x64.Deploy.0 = Release|x64
		{3014155D-39DD-4192-83ED-C4414F3A788D}.Ad-Hoc|x86.ActiveCfg = Release|x86
		{3014155D-39DD-4192-83ED-C4414F3A788D}.Ad-Hoc|x86.Build.0 = Release|x86
		{3014155D-39DD-4192-83ED-C4414F3A788D}.Ad-Hoc|x86.Deploy.0 = Release|x86
		{3014155D-39DD-4192-83ED-C4414F3A788D}.AppStore|Any CPU.ActiveCfg = Release|x86
		{3014155D-39DD-4192-83ED-C4414F3A788D}.AppStore|Any CPU.Build.0 = Release|x86
		{3014155D-39DD-4192-83ED-C4414F3A788D}.AppStore|Any CPU.Deploy.0 = Release|x86
		{3014155D-39DD-4192-83ED-C4414F3A788D}.AppStore|ARM.ActiveCfg = Release|ARM
		{3014155D-39DD-4192-83ED-C4414F3A788D}.AppStore|ARM.Build.0 = Release|ARM
		{3014155D-39DD-4192-83ED-C4414F3A788D}.AppStore|ARM.Deploy.0 = Release|ARM
		{3014155D-39DD-4192-83ED-C4414F3A788D}.AppStore|iPhone.ActiveCfg = Release|x86
		{3014155D-39DD-4192-83ED-C4414F3A788D}.AppStore|iPhone.Build.0 = Release|x86
		{3014155D-39DD-4192-83ED-C4414F3A788D}.AppStore|iPhone.Deploy.0 = Release|x86
		{3014155D-39DD-4192-83ED-C4414F3A788D}.AppStore|iPhoneSimulator.ActiveCfg = Release|x86
		{3014155D-39DD-4192-83ED-C4414F3A788D}.AppStore|iPhoneSimulator.Build.0 = Release|x86
		{3014155D-39DD-4192-83ED-C4414F3A788D}.AppStore|iPhoneSimulator.Deploy.0 = Release|x86
		{3014155D-39DD-4192-83ED-C4414F3A788D}.AppStore|x64.ActiveCfg = Release|x64
		{3014155D-39DD-4192-83ED-C4414F3A788D}.AppStore|x64.Build.0 = Release|x64
		{3014155D-39DD-4192-83ED-C4414F3A788D}.AppStore|x64.Deploy.0 = Release|x64
		{3014155D-39DD-4192-83ED-C4414F3A788D}.AppStore|x86.ActiveCfg = Release|x86
		{3014155D-39DD-4192-83ED-C4414F3A788D}.AppStore|x86.Build.0 = Release|x86
		{3014155D-39DD-4192-83ED-C4414F3A788D}.AppStore|x86.Deploy.0 = Release|x86
		{3014155D-39DD-4192-83ED-C4414F3A788D}.Debug|Any CPU.ActiveCfg = Debug|x86
		{3014155D-39DD-4192-83ED-C4414F3A788D}.Debug|ARM.ActiveCfg = Debug|ARM
		{3014155D-39DD-4192-83ED-C4414F3A788D}.Debug|ARM.Build.0 = Debug|ARM
		{3014155D-39DD-4192-83ED-C4414F3A788D}.Debug|ARM.Deploy.0 = Debug|ARM
		{3014155D-39DD-4192-83ED-C4414F3A788D}.Debug|iPhone.ActiveCfg = Debug|x86
		{3014155D-39DD-4192-83ED-C4414F3A788D}.Debug|iPhoneSimulator.ActiveCfg = Debug|x86
		{3014155D-39DD-4192-83ED-C4414F3A788D}.Debug|x64.ActiveCfg = Debug|x64
		{3014155D-39DD-4192-83ED-C4414F3A788D}.Debug|x64.Build.0 = Debug|x64
		{3014155D-39DD-4192-83ED-C4414F3A788D}.Debug|x64.Deploy.0 = Debug|x64
		{3014155D-39DD-4192-83ED-C4414F3A788D}.Debug|x86.ActiveCfg = Debug|x86
		{3014155D-39DD-4192-83ED-C4414F3A788D}.Debug|x86.Build.0 = Debug|x86
		{3014155D-39DD-4192-83ED-C4414F3A788D}.Debug|x86.Deploy.0 = Debug|x86
		{3014155D-39DD-4192-83ED-C4414F3A788D}.Release|Any CPU.ActiveCfg = Release|x86
		{3014155D-39DD-4192-83ED-C4414F3A788D}.Release|ARM.ActiveCfg = Release|ARM
		{3014155D-39DD-4192-83ED-C4414F3A788D}.Release|ARM.Build.0 = Release|ARM
		{3014155D-39DD-4192-83ED-C4414F3A788D}.Release|ARM.Deploy.0 = Release|ARM
		{3014155D-39DD-4192-83ED-C4414F3A788D}.Release|iPhone.ActiveCfg = Release|x86
		{3014155D-39DD-4192-83ED-C4414F3A788D}.Release|iPhoneSimulator.ActiveCfg = Release|x86
		{3014155D-39DD-4192-83ED-C4414F3A788D}.Release|x64.ActiveCfg = Release|x64
		{3014155D-39DD-4192-83ED-C4414F3A788D}.Release|x64.Build.0 = Release|x64
		{3014155D-39DD-4192-83ED-C4414F3A788D}.Release|x64.Deploy.0 = Release|x64
		{3014155D-39DD-4192-83ED-C4414F3A788D}.Release|x86.ActiveCfg = Release|x86
		{3014155D-39DD-4192-83ED-C4414F3A788D}.Release|x86.Build.0 = Release|x86
		{3014155D-39DD-4192-83ED-C4414F3A788D}.Release|x86.Deploy.0 = Release|x86
		{B18691D3-1684-441B-B316-8E0BD2472E7C}.Ad-Hoc|Any CPU.ActiveCfg = Debug|Any CPU
		{B18691D3-1684-441B-B316-8E0BD2472E7C}.Ad-Hoc|Any CPU.Build.0 = Debug|Any CPU
		{B18691D3-1684-441B-B316-8E0BD2472E7C}.Ad-Hoc|ARM.ActiveCfg = Debug|Any CPU
		{B18691D3-1684-441B-B316-8E0BD2472E7C}.Ad-Hoc|ARM.Build.0 = Debug|Any CPU
		{B18691D3-1684-441B-B316-8E0BD2472E7C}.Ad-Hoc|iPhone.ActiveCfg = Debug|Any CPU
		{B18691D3-1684-441B-B316-8E0BD2472E7C}.Ad-Hoc|iPhone.Build.0 = Debug|Any CPU
		{B18691D3-1684-441B-B316-8E0BD2472E7C}.Ad-Hoc|iPhoneSimulator.ActiveCfg = Debug|Any CPU
		{B18691D3-1684-441B-B316-8E0BD2472E7C}.Ad-Hoc|iPhoneSimulator.Build.0 = Debug|Any CPU
		{B18691D3-1684-441B-B316-8E0BD2472E7C}.Ad-Hoc|x64.ActiveCfg = Debug|Any CPU
		{B18691D3-1684-441B-B316-8E0BD2472E7C}.Ad-Hoc|x64.Build.0 = Debug|Any CPU
		{B18691D3-1684-441B-B316-8E0BD2472E7C}.Ad-Hoc|x86.ActiveCfg = Debug|Any CPU
		{B18691D3-1684-441B-B316-8E0BD2472E7C}.Ad-Hoc|x86.Build.0 = Debug|Any CPU
		{B18691D3-1684-441B-B316-8E0BD2472E7C}.AppStore|Any CPU.ActiveCfg = Debug|Any CPU
		{B18691D3-1684-441B-B316-8E0BD2472E7C}.AppStore|Any CPU.Build.0 = Debug|Any CPU
		{B18691D3-1684-441B-B316-8E0BD2472E7C}.AppStore|ARM.ActiveCfg = Debug|Any CPU
		{B18691D3-1684-441B-B316-8E0BD2472E7C}.AppStore|ARM.Build.0 = Debug|Any CPU
		{B18691D3-1684-441B-B316-8E0BD2472E7C}.AppStore|iPhone.ActiveCfg = Debug|Any CPU
		{B18691D3-1684-441B-B316-8E0BD2472E7C}.AppStore|iPhone.Build.0 = Debug|Any CPU
		{B18691D3-1684-441B-B316-8E0BD2472E7C}.AppStore|iPhoneSimulator.ActiveCfg = Debug|Any CPU
		{B18691D3-1684-441B-B316-8E0BD2472E7C}.AppStore|iPhoneSimulator.Build.0 = Debug|Any CPU
		{B18691D3-1684-441B-B316-8E0BD2472E7C}.AppStore|x64.ActiveCfg = Debug|Any CPU
		{B18691D3-1684-441B-B316-8E0BD2472E7C}.AppStore|x64.Build.0 = Debug|Any CPU
		{B18691D3-1684-441B-B316-8E0BD2472E7C}.AppStore|x86.ActiveCfg = Debug|Any CPU
		{B18691D3-1684-441B-B316-8E0BD2472E7C}.AppStore|x86.Build.0 = Debug|Any CPU
		{B18691D3-1684-441B-B316-8E0BD2472E7C}.Debug|Any CPU.ActiveCfg = Debug|Any CPU
		{B18691D3-1684-441B-B316-8E0BD2472E7C}.Debug|Any CPU.Build.0 = Debug|Any CPU
		{B18691D3-1684-441B-B316-8E0BD2472E7C}.Debug|ARM.ActiveCfg = Debug|Any CPU
		{B18691D3-1684-441B-B316-8E0BD2472E7C}.Debug|ARM.Build.0 = Debug|Any CPU
		{B18691D3-1684-441B-B316-8E0BD2472E7C}.Debug|iPhone.ActiveCfg = Debug|Any CPU
		{B18691D3-1684-441B-B316-8E0BD2472E7C}.Debug|iPhone.Build.0 = Debug|Any CPU
		{B18691D3-1684-441B-B316-8E0BD2472E7C}.Debug|iPhoneSimulator.ActiveCfg = Debug|Any CPU
		{B18691D3-1684-441B-B316-8E0BD2472E7C}.Debug|iPhoneSimulator.Build.0 = Debug|Any CPU
		{B18691D3-1684-441B-B316-8E0BD2472E7C}.Debug|x64.ActiveCfg = Debug|Any CPU
		{B18691D3-1684-441B-B316-8E0BD2472E7C}.Debug|x64.Build.0 = Debug|Any CPU
		{B18691D3-1684-441B-B316-8E0BD2472E7C}.Debug|x86.ActiveCfg = Debug|Any CPU
		{B18691D3-1684-441B-B316-8E0BD2472E7C}.Debug|x86.Build.0 = Debug|Any CPU
		{B18691D3-1684-441B-B316-8E0BD2472E7C}.Release|Any CPU.ActiveCfg = Release|Any CPU
		{B18691D3-1684-441B-B316-8E0BD2472E7C}.Release|Any CPU.Build.0 = Release|Any CPU
		{B18691D3-1684-441B-B316-8E0BD2472E7C}.Release|ARM.ActiveCfg = Release|Any CPU
		{B18691D3-1684-441B-B316-8E0BD2472E7C}.Release|ARM.Build.0 = Release|Any CPU
		{B18691D3-1684-441B-B316-8E0BD2472E7C}.Release|iPhone.ActiveCfg = Release|Any CPU
		{B18691D3-1684-441B-B316-8E0BD2472E7C}.Release|iPhone.Build.0 = Release|Any CPU
		{B18691D3-1684-441B-B316-8E0BD2472E7C}.Release|iPhoneSimulator.ActiveCfg = Release|Any CPU
		{B18691D3-1684-441B-B316-8E0BD2472E7C}.Release|iPhoneSimulator.Build.0 = Release|Any CPU
		{B18691D3-1684-441B-B316-8E0BD2472E7C}.Release|x64.ActiveCfg = Release|Any CPU
		{B18691D3-1684-441B-B316-8E0BD2472E7C}.Release|x64.Build.0 = Release|Any CPU
		{B18691D3-1684-441B-B316-8E0BD2472E7C}.Release|x86.ActiveCfg = Release|Any CPU
		{B18691D3-1684-441B-B316-8E0BD2472E7C}.Release|x86.Build.0 = Release|Any CPU
	EndGlobalSection
	GlobalSection(SolutionProperties) = preSolution
		HideSolutionNode = FALSE
	EndGlobalSection
	GlobalSection(ExtensibilityGlobals) = postSolution
		SolutionGuid = {6203FD59-1398-4FFD-BDA2-0172EB23E539}
	EndGlobalSection
EndGlobal
